%{
  "earmark": {:hex, :earmark, "1.0.1", "2c2cd903bfdc3de3f189bd9a8d4569a075b88a8981ded9a0d95672f6e2b63141", [:mix], [], "hexpm", "db7b13d74a9edc54d3681762154d164d4a661cd27673cca80760344449877664"},
  "elixir_make": {:hex, :elixir_make, "0.3.0", "285147fa943806eee82f6680b7b446b5569bcf3ee8328fa0a7c200ffc44fbaba", [:mix], [], "hexpm", "978f9f0bbaf2772f14c5286321488e49c934a12ccc60a2803d6c94c4a128663e"},
  "ex_doc": {:hex, :ex_doc, "0.13.0", "aa2f8fe4c6136a2f7cfc0a7e06805f82530e91df00e2bff4b4362002b43ada65", [:mix], [{:earmark, "~> 1.0", [hex: :earmark, repo: "hexpm", optional: false]}], "hexpm", "4b40cd154c2660d795b88f73c61b5e3679abe7215e8c20eb9040101cc4819d12"},
  "hoedown": {:git, "https://github.com/hoedown/hoedown.git", "980b9c549b4348d50b683ecee6abee470b98acda", []},
  "inch_ex": {:hex, :inch_ex, "0.5.3", "39f11e96181ab7edc9c508a836b33b5d9a8ec0859f56886852db3d5708889ae7", [:mix], [{:poison, "~> 1.5 or ~> 2.0", [hex: :poison, repo: "hexpm", optional: false]}], "hexpm", "148007affceb1bfcaa6d7f4f29fcd51e0f6deaca543ea88889f4535b0410bfac"},
  "libsass": {:git, "https://github.com/sass/libsass.git", "3ae9a2066152f9438aebaaacd12f39deaceaebc2", [tag: "3.3.6"]},
  "markdown": {:git, "https://github.com/devinus/markdown.git", "9b3beaf69a9b9c6450526c41d591a94d2eedf1e8", []},
  "poison": {:hex, :poison, "2.2.0", "4763b69a8a77bd77d26f477d196428b741261a761257ff1cf92753a0d4d24a63", [:mix], [], "hexpm", "519bc209e4433961284174c497c8524c001e285b79bdf80212b47a1f898084cc"},
}
